
Microsoft Visual Studio Solution File, Format Version 12.00
# Visual Studio Version 17
VisualStudioVersion = 17.5.33530.505
MinimumVisualStudioVersion = 10.0.40219.1
Project("{FAE04EC0-301F-11D3-BF4B-00C04F79EFBC}") = "CRUDWithRepository.UI", "CRUDWithRepository\CRUDWithRepository.UI.csproj", "{5F2E690C-43BA-4AEA-B2A1-F958E1359D24}"
EndProject
Project("{FAE04EC0-301F-11D3-BF4B-00C04F79EFBC}") = "CRUDWithRepository.Core", "CRUDWithRepository.Core\CRUDWithRepository.Core.csproj", "{C7714485-A467-4951-B52D-C39E904FF230}"
EndProject
Project("{FAE04EC0-301F-11D3-BF4B-00C04F79EFBC}") = "CRUDWithRepository.Infrastructure", "CRUDWithRepository.Infrastructure\CRUDWithRepository.Infrastructure.csproj", "{C8B2C1D9-4710-4566-AA7C-F2759CEAC0BC}"
EndProject
Global
	GlobalSection(SolutionConfigurationPlatforms) = preSolution
		Debug|Any CPU = Debug|Any CPU
		Release|Any CPU = Release|Any CPU
	EndGlobalSection
	GlobalSection(ProjectConfigurationPlatforms) = postSolution
		{5F2E690C-43BA-4AEA-B2A1-F958E1359D24}.Debug|Any CPU.ActiveCfg = Debug|Any CPU
		{5F2E690C-43BA-4AEA-B2A1-F958E1359D24}.Debug|Any CPU.Build.0 = Debug|Any CPU
		{5F2E690C-43BA-4AEA-B2A1-F958E1359D24}.Release|Any CPU.ActiveCfg = Release|Any CPU
		{5F2E690C-43BA-4AEA-B2A1-F958E1359D24}.Release|Any CPU.Build.0 = Release|Any CPU
		{C7714485-A467-4951-B52D-C39E904FF230}.Debug|Any CPU.ActiveCfg = Debug|Any CPU
		{C7714485-A467-4951-B52D-C39E904FF230}.Debug|Any CPU.Build.0 = Debug|Any CPU
		{C7714485-A467-4951-B52D-C39E904FF230}.Release|Any CPU.ActiveCfg = Release|Any CPU
		{C7714485-A467-4951-B52D-C39E904FF230}.Release|Any CPU.Build.0 = Release|Any CPU
		{C8B2C1D9-4710-4566-AA7C-F2759CEAC0BC}.Debug|Any CPU.ActiveCfg = Debug|Any CPU
		{C8B2C1D9-4710-4566-AA7C-F2759CEAC0BC}.Debug|Any CPU.Build.0 = Debug|Any CPU
		{C8B2C1D9-4710-4566-AA7C-F2759CEAC0BC}.Release|Any CPU.ActiveCfg = Release|Any CPU
		{C8B2C1D9-4710-4566-AA7C-F2759CEAC0BC}.Release|Any CPU.Build.0 = Release|Any CPU
	EndGlobalSection
	GlobalSection(SolutionProperties) = preSolution
		HideSolutionNode = FALSE
	EndGlobalSection
	GlobalSection(ExtensibilityGlobals) = postSolution
		SolutionGuid = {E87FB1BC-EEAA-4077-9A76-4D4161010A9F}
	EndGlobalSection
EndGlobal
